
Microsoft Visual Studio Solution File, Format Version 12.00
# Visual Studio Version 17
VisualStudioVersion = 17.9.34728.123
MinimumVisualStudioVersion = 10.0.40219.1
Project("{FAE04EC0-301F-11D3-BF4B-00C04F79EFBC}") = "SalsasAPI", "SalsasAPI\SalsasAPI.csproj", "{A1BFDB00-522F-48B6-84AA-08AD56A30218}"
EndProject
Global
	GlobalSection(SolutionConfigurationPlatforms) = preSolution
		Debug|Any CPU = Debug|Any CPU
		Release|Any CPU = Release|Any CPU
	EndGlobalSection
	GlobalSection(ProjectConfigurationPlatforms) = postSolution
		{A1BFDB00-522F-48B6-84AA-08AD56A30218}.Debug|Any CPU.ActiveCfg = Debug|Any CPU
		{A1BFDB00-522F-48B6-84AA-08AD56A30218}.Debug|Any CPU.Build.0 = Debug|Any CPU
		{A1BFDB00-522F-48B6-84AA-08AD56A30218}.Release|Any CPU.ActiveCfg = Release|Any CPU
		{A1BFDB00-522F-48B6-84AA-08AD56A30218}.Release|Any CPU.Build.0 = Release|Any CPU
	EndGlobalSection
	GlobalSection(SolutionProperties) = preSolution
		HideSolutionNode = FALSE
	EndGlobalSection
	GlobalSection(ExtensibilityGlobals) = postSolution
		SolutionGuid = {887A7D7B-1BEF-489C-BBDD-4008BD9C9938}
	EndGlobalSection
EndGlobal
